// !$*UTF8*$!
{
	archiveVersion = 1;
	classes = {
	};
	objectVersion = 56;
	objects = {

/* Begin PBXBuildFile section */
		106ACFAC2BABFCA2002B9A68 /* Hamster_Check_InApp.swift in Sources */ = {isa = PBXBuildFile; fileRef = 106ACFAB2BABFCA2002B9A68 /* Hamster_Check_InApp.swift */; };
		106ACFAE2BABFCA2002B9A68 /* ContentView.swift in Sources */ = {isa = PBXBuildFile; fileRef = 106ACFAD2BABFCA2002B9A68 /* ContentView.swift */; };
		106ACFB02BABFCA2002B9A68 /* Item.swift in Sources */ = {isa = PBXBuildFile; fileRef = 106ACFAF2BABFCA2002B9A68 /* Item.swift */; };
		106ACFB22BABFCA5002B9A68 /* Assets.xcassets in Resources */ = {isa = PBXBuildFile; fileRef = 106ACFB12BABFCA5002B9A68 /* Assets.xcassets */; };
		106ACFB52BABFCA5002B9A68 /* Preview Assets.xcassets in Resources */ = {isa = PBXBuildFile; fileRef = 106ACFB42BABFCA5002B9A68 /* Preview Assets.xcassets */; };
		106ACFBF2BABFCA6002B9A68 /* Hamster_Check_InTests.swift in Sources */ = {isa = PBXBuildFile; fileRef = 106ACFBE2BABFCA6002B9A68 /* Hamster_Check_InTests.swift */; };
		106ACFC92BABFCA6002B9A68 /* Hamster_Check_InUITests.swift in Sources */ = {isa = PBXBuildFile; fileRef = 106ACFC82BABFCA6002B9A68 /* Hamster_Check_InUITests.swift */; };
		106ACFCB2BABFCA6002B9A68 /* Hamster_Check_InUITestsLaunchTests.swift in Sources */ = {isa = PBXBuildFile; fileRef = 106ACFCA2BABFCA6002B9A68 /* Hamster_Check_InUITestsLaunchTests.swift */; };
/* End PBXBuildFile section */

/* Begin PBXContainerItemProxy section */
		106ACFBB2BABFCA6002B9A68 /* PBXContainerItemProxy */ = {
			isa = PBXContainerItemProxy;
			containerPortal = 106ACFA02BABFCA2002B9A68 /* Project object */;
			proxyType = 1;
			remoteGlobalIDString = 106ACFA72BABFCA2002B9A68;
			remoteInfo = "Hamster_Check-In";
		};
		106ACFC52BABFCA6002B9A68 /* PBXContainerItemProxy */ = {
			isa = PBXContainerItemProxy;
			containerPortal = 106ACFA02BABFCA2002B9A68 /* Project object */;
			proxyType = 1;
			remoteGlobalIDString = 106ACFA72BABFCA2002B9A68;
			remoteInfo = "Hamster_Check-In";
		};
/* End PBXContainerItemProxy section */

/* Begin PBXFileReference section */
		106ACFA82BABFCA2002B9A68 /* Hamster_Check-In.app */ = {isa = PBXFileReference; explicitFileType = wrapper.application; includeInIndex = 0; path = "Hamster_Check-In.app"; sourceTree = BUILT_PRODUCTS_DIR; };
		106ACFAB2BABFCA2002B9A68 /* Hamster_Check_InApp.swift */ = {isa = PBXFileReference; lastKnownFileType = sourcecode.swift; path = Hamster_Check_InApp.swift; sourceTree = "<group>"; };
		106ACFAD2BABFCA2002B9A68 /* ContentView.swift */ = {isa = PBXFileReference; lastKnownFileType = sourcecode.swift; path = ContentView.swift; sourceTree = "<group>"; };
		106ACFAF2BABFCA2002B9A68 /* Item.swift */ = {isa = PBXFileReference; lastKnownFileType = sourcecode.swift; path = Item.swift; sourceTree = "<group>"; };
		106ACFB12BABFCA5002B9A68 /* Assets.xcassets */ = {isa = PBXFileReference; lastKnownFileType = folder.assetcatalog; path = Assets.xcassets; sourceTree = "<group>"; };
		106ACFB42BABFCA5002B9A68 /* Preview Assets.xcassets */ = {isa = PBXFileReference; lastKnownFileType = folder.assetcatalog; path = "Preview Assets.xcassets"; sourceTree = "<group>"; };
		106ACFBA2BABFCA6002B9A68 /* Hamster_Check-InTests.xctest */ = {isa = PBXFileReference; explicitFileType = wrapper.cfbundle; includeInIndex = 0; path = "Hamster_Check-InTests.xctest"; sourceTree = BUILT_PRODUCTS_DIR; };
		106ACFBE2BABFCA6002B9A68 /* Hamster_Check_InTests.swift */ = {isa = PBXFileReference; lastKnownFileType = sourcecode.swift; path = Hamster_Check_InTests.swift; sourceTree = "<group>"; };
		106ACFC42BABFCA6002B9A68 /* Hamster_Check-InUITests.xctest */ = {isa = PBXFileReference; explicitFileType = wrapper.cfbundle; includeInIndex = 0; path = "Hamster_Check-InUITests.xctest"; sourceTree = BUILT_PRODUCTS_DIR; };
		106ACFC82BABFCA6002B9A68 /* Hamster_Check_InUITests.swift */ = {isa = PBXFileReference; lastKnownFileType = sourcecode.swift; path = Hamster_Check_InUITests.swift; sourceTree = "<group>"; };
		106ACFCA2BABFCA6002B9A68 /* Hamster_Check_InUITestsLaunchTests.swift */ = {isa = PBXFileReference; lastKnownFileType = sourcecode.swift; path = Hamster_Check_InUITestsLaunchTests.swift; sourceTree = "<group>"; };
/* End PBXFileReference section */

/* Begin PBXFrameworksBuildPhase section */
		106ACFA52BABFCA2002B9A68 /* Frameworks */ = {
			isa = PBXFrameworksBuildPhase;
			buildActionMask = 2147483647;
			files = (
			);
			runOnlyForDeploymentPostprocessing = 0;
		};
		106ACFB72BABFCA6002B9A68 /* Frameworks */ = {
			isa = PBXFrameworksBuildPhase;
			buildActionMask = 2147483647;
			files = (
			);
			runOnlyForDeploymentPostprocessing = 0;
		};
		106ACFC12BABFCA6002B9A68 /* Frameworks */ = {
			isa = PBXFrameworksBuildPhase;
			buildActionMask = 2147483647;
			files = (
			);
			runOnlyForDeploymentPostprocessing = 0;
		};
/* End PBXFrameworksBuildPhase section */

/* Begin PBXGroup section */
		106ACF9F2BABFCA2002B9A68 = {
			isa = PBXGroup;
			children = (
				106ACFAA2BABFCA2002B9A68 /* Hamster_Check-In */,
				106ACFBD2BABFCA6002B9A68 /* Hamster_Check-InTests */,
				106ACFC72BABFCA6002B9A68 /* Hamster_Check-InUITests */,
				106ACFA92BABFCA2002B9A68 /* Products */,
			);
			sourceTree = "<group>";
		};
		106ACFA92BABFCA2002B9A68 /* Products */ = {
			isa = PBXGroup;
			children = (
				106ACFA82BABFCA2002B9A68 /* Hamster_Check-In.app */,
				106ACFBA2BABFCA6002B9A68 /* Hamster_Check-InTests.xctest */,
				106ACFC42BABFCA6002B9A68 /* Hamster_Check-InUITests.xctest */,
			);
			name = Products;
			sourceTree = "<group>";
		};
		106ACFAA2BABFCA2002B9A68 /* Hamster_Check-In */ = {
			isa = PBXGroup;
			children = (
				106ACFAB2BABFCA2002B9A68 /* Hamster_Check_InApp.swift */,
				106ACFAD2BABFCA2002B9A68 /* ContentView.swift */,
				106ACFAF2BABFCA2002B9A68 /* Item.swift */,
				106ACFB12BABFCA5002B9A68 /* Assets.xcassets */,
				106ACFB32BABFCA5002B9A68 /* Preview Content */,
			);
			path = "Hamster_Check-In";
			sourceTree = "<group>";
		};
		106ACFB32BABFCA5002B9A68 /* Preview Content */ = {
			isa = PBXGroup;
			children = (
				106ACFB42BABFCA5002B9A68 /* Preview Assets.xcassets */,
			);
			path = "Preview Content";
			sourceTree = "<group>";
		};
		106ACFBD2BABFCA6002B9A68 /* Hamster_Check-InTests */ = {
			isa = PBXGroup;
			children = (
				106ACFBE2BABFCA6002B9A68 /* Hamster_Check_InTests.swift */,
			);
			path = "Hamster_Check-InTests";
			sourceTree = "<group>";
		};
		106ACFC72BABFCA6002B9A68 /* Hamster_Check-InUITests */ = {
			isa = PBXGroup;
			children = (
				106ACFC82BABFCA6002B9A68 /* Hamster_Check_InUITests.swift */,
				106ACFCA2BABFCA6002B9A68 /* Hamster_Check_InUITestsLaunchTests.swift */,
			);
			path = "Hamster_Check-InUITests";
			sourceTree = "<group>";
		};
/* End PBXGroup section */

/* Begin PBXNativeTarget section */
		106ACFA72BABFCA2002B9A68 /* Hamster_Check-In */ = {
			isa = PBXNativeTarget;
			buildConfigurationList = 106ACFCE2BABFCA6002B9A68 /* Build configuration list for PBXNativeTarget "Hamster_Check-In" */;
			buildPhases = (
				106ACFA42BABFCA2002B9A68 /* Sources */,
				106ACFA52BABFCA2002B9A68 /* Frameworks */,
				106ACFA62BABFCA2002B9A68 /* Resources */,
			);
			buildRules = (
			);
			dependencies = (
			);
			name = "Hamster_Check-In";
			productName = "Hamster_Check-In";
			productReference = 106ACFA82BABFCA2002B9A68 /* Hamster_Check-In.app */;
			productType = "com.apple.product-type.application";
		};
		106ACFB92BABFCA6002B9A68 /* Hamster_Check-InTests */ = {
			isa = PBXNativeTarget;
			buildConfigurationList = 106ACFD12BABFCA6002B9A68 /* Build configuration list for PBXNativeTarget "Hamster_Check-InTests" */;
			buildPhases = (
				106ACFB62BABFCA6002B9A68 /* Sources */,
				106ACFB72BABFCA6002B9A68 /* Frameworks */,
				106ACFB82BABFCA6002B9A68 /* Resources */,
			);
			buildRules = (
			);
			dependencies = (
				106ACFBC2BABFCA6002B9A68 /* PBXTargetDependency */,
			);
			name = "Hamster_Check-InTests";
			productName = "Hamster_Check-InTests";
			productReference = 106ACFBA2BABFCA6002B9A68 /* Hamster_Check-InTests.xctest */;
			productType = "com.apple.product-type.bundle.unit-test";
		};
		106ACFC32BABFCA6002B9A68 /* Hamster_Check-InUITests */ = {
			isa = PBXNativeTarget;
			buildConfigurationList = 106ACFD42BABFCA6002B9A68 /* Build configuration list for PBXNativeTarget "Hamster_Check-InUITests" */;
			buildPhases = (
				106ACFC02BABFCA6002B9A68 /* Sources */,
				106ACFC12BABFCA6002B9A68 /* Frameworks */,
				106ACFC22BABFCA6002B9A68 /* Resources */,
			);
			buildRules = (
			);
			dependencies = (
				106ACFC62BABFCA6002B9A68 /* PBXTargetDependency */,
			);
			name = "Hamster_Check-InUITests";
			productName = "Hamster_Check-InUITests";
			productReference = 106ACFC42BABFCA6002B9A68 /* Hamster_Check-InUITests.xctest */;
			productType = "com.apple.product-type.bundle.ui-testing";
		};
/* End PBXNativeTarget section */

/* Begin PBXProject section */
		106ACFA02BABFCA2002B9A68 /* Project object */ = {
			isa = PBXProject;
			attributes = {
				BuildIndependentTargetsInParallel = 1;
				LastSwiftUpdateCheck = 1530;
				LastUpgradeCheck = 1530;
				TargetAttributes = {
					106ACFA72BABFCA2002B9A68 = {
						CreatedOnToolsVersion = 15.3;
					};
					106ACFB92BABFCA6002B9A68 = {
						CreatedOnToolsVersion = 15.3;
						TestTargetID = 106ACFA72BABFCA2002B9A68;
					};
					106ACFC32BABFCA6002B9A68 = {
						CreatedOnToolsVersion = 15.3;
						TestTargetID = 106ACFA72BABFCA2002B9A68;
					};
				};
			};
			buildConfigurationList = 106ACFA32BABFCA2002B9A68 /* Build configuration list for PBXProject "Hamster_Check-In" */;
			compatibilityVersion = "Xcode 14.0";
			developmentRegion = en;
			hasScannedForEncodings = 0;
			knownRegions = (
				en,
				Base,
			);
			mainGroup = 106ACF9F2BABFCA2002B9A68;
			productRefGroup = 106ACFA92BABFCA2002B9A68 /* Products */;
			projectDirPath = "";
			projectRoot = "";
			targets = (
				106ACFA72BABFCA2002B9A68 /* Hamster_Check-In */,
				106ACFB92BABFCA6002B9A68 /* Hamster_Check-InTests */,
				106ACFC32BABFCA6002B9A68 /* Hamster_Check-InUITests */,
			);
		};
/* End PBXProject section */

/* Begin PBXResourcesBuildPhase section */
		106ACFA62BABFCA2002B9A68 /* Resources */ = {
			isa = PBXResourcesBuildPhase;
			buildActionMask = 2147483647;
			files = (
				106ACFB52BABFCA5002B9A68 /* Preview Assets.xcassets in Resources */,
				106ACFB22BABFCA5002B9A68 /* Assets.xcassets in Resources */,
			);
			runOnlyForDeploymentPostprocessing = 0;
		};
		106ACFB82BABFCA6002B9A68 /* Resources */ = {
			isa = PBXResourcesBuildPhase;
			buildActionMask = 2147483647;
			files = (
			);
			runOnlyForDeploymentPostprocessing = 0;
		};
		106ACFC22BABFCA6002B9A68 /* Resources */ = {
			isa = PBXResourcesBuildPhase;
			buildActionMask = 2147483647;
			files = (
			);
			runOnlyForDeploymentPostprocessing = 0;
		};
/* End PBXResourcesBuildPhase section */

/* Begin PBXSourcesBuildPhase section */
		106ACFA42BABFCA2002B9A68 /* Sources */ = {
			isa = PBXSourcesBuildPhase;
			buildActionMask = 2147483647;
			files = (
				106ACFAE2BABFCA2002B9A68 /* ContentView.swift in Sources */,
				106ACFB02BABFCA2002B9A68 /* Item.swift in Sources */,
				106ACFAC2BABFCA2002B9A68 /* Hamster_Check_InApp.swift in Sources */,
			);
			runOnlyForDeploymentPostprocessing = 0;
		};
		106ACFB62BABFCA6002B9A68 /* Sources */ = {
			isa = PBXSourcesBuildPhase;
			buildActionMask = 2147483647;
			files = (
				106ACFBF2BABFCA6002B9A68 /* Hamster_Check_InTests.swift in Sources */,
			);
			runOnlyForDeploymentPostprocessing = 0;
		};
		106ACFC02BABFCA6002B9A68 /* Sources */ = {
			isa = PBXSourcesBuildPhase;
			buildActionMask = 2147483647;
			files = (
				106ACFC92BABFCA6002B9A68 /* Hamster_Check_InUITests.swift in Sources */,
				106ACFCB2BABFCA6002B9A68 /* Hamster_Check_InUITestsLaunchTests.swift in Sources */,
			);
			runOnlyForDeploymentPostprocessing = 0;
		};
/* End PBXSourcesBuildPhase section */

/* Begin PBXTargetDependency section */
		106ACFBC2BABFCA6002B9A68 /* PBXTargetDependency */ = {
			isa = PBXTargetDependency;
			target = 106ACFA72BABFCA2002B9A68 /* Hamster_Check-In */;
			targetProxy = 106ACFBB2BABFCA6002B9A68 /* PBXContainerItemProxy */;
		};
		106ACFC62BABFCA6002B9A68 /* PBXTargetDependency */ = {
			isa = PBXTargetDependency;
			target = 106ACFA72BABFCA2002B9A68 /* Hamster_Check-In */;
			targetProxy = 106ACFC52BABFCA6002B9A68 /* PBXContainerItemProxy */;
		};
/* End PBXTargetDependency section */

/* Begin XCBuildConfiguration section */
		106ACFCC2BABFCA6002B9A68 /* Debug */ = {
			isa = XCBuildConfiguration;
			buildSettings = {
				ALWAYS_SEARCH_USER_PATHS = NO;
				ASSETCATALOG_COMPILER_GENERATE_SWIFT_ASSET_SYMBOL_EXTENSIONS = YES;
				CLANG_ANALYZER_NONNULL = YES;
				CLANG_ANALYZER_NUMBER_OBJECT_CONVERSION = YES_AGGRESSIVE;
				CLANG_CXX_LANGUAGE_STANDARD = "gnu++20";
				CLANG_ENABLE_MODULES = YES;
				CLANG_ENABLE_OBJC_ARC = YES;
				CLANG_ENABLE_OBJC_WEAK = YES;
				CLANG_WARN_BLOCK_CAPTURE_AUTORELEASING = YES;
				CLANG_WARN_BOOL_CONVERSION = YES;
				CLANG_WARN_COMMA = YES;
				CLANG_WARN_CONSTANT_CONVERSION = YES;
				CLANG_WARN_DEPRECATED_OBJC_IMPLEMENTATIONS = YES;
				CLANG_WARN_DIRECT_OBJC_ISA_USAGE = YES_ERROR;
				CLANG_WARN_DOCUMENTATION_COMMENTS = YES;
				CLANG_WARN_EMPTY_BODY = YES;
				CLANG_WARN_ENUM_CONVERSION = YES;
				CLANG_WARN_INFINITE_RECURSION = YES;
				CLANG_WARN_INT_CONVERSION = YES;
				CLANG_WARN_NON_LITERAL_NULL_CONVERSION = YES;
				CLANG_WARN_OBJC_IMPLICIT_RETAIN_SELF = YES;
				CLANG_WARN_OBJC_LITERAL_CONVERSION = YES;
				CLANG_WARN_OBJC_ROOT_CLASS = YES_ERROR;
				CLANG_WARN_QUOTED_INCLUDE_IN_FRAMEWORK_HEADER = YES;
				CLANG_WARN_RANGE_LOOP_ANALYSIS = YES;
				CLANG_WARN_STRICT_PROTOTYPES = YES;
				CLANG_WARN_SUSPICIOUS_MOVE = YES;
				CLANG_WARN_UNGUARDED_AVAILABILITY = YES_AGGRESSIVE;
				CLANG_WARN_UNREACHABLE_CODE = YES;
				CLANG_WARN__DUPLICATE_METHOD_MATCH = YES;
				COPY_PHASE_STRIP = NO;
				DEBUG_INFORMATION_FORMAT = dwarf;
				ENABLE_STRICT_OBJC_MSGSEND = YES;
				ENABLE_TESTABILITY = YES;
				ENABLE_USER_SCRIPT_SANDBOXING = YES;
				GCC_C_LANGUAGE_STANDARD = gnu17;
				GCC_DYNAMIC_NO_PIC = NO;
				GCC_NO_COMMON_BLOCKS = YES;
				GCC_OPTIMIZATION_LEVEL = 0;
				GCC_PREPROCESSOR_DEFINITIONS = (
					"DEBUG=1",
					"$(inherited)",
				);
				GCC_WARN_64_TO_32_BIT_CONVERSION = YES;
				GCC_WARN_ABOUT_RETURN_TYPE = YES_ERROR;
				GCC_WARN_UNDECLARED_SELECTOR = YES;
				GCC_WARN_UNINITIALIZED_AUTOS = YES_AGGRESSIVE;
				GCC_WARN_UNUSED_FUNCTION = YES;
				GCC_WARN_UNUSED_VARIABLE = YES;
				IPHONEOS_DEPLOYMENT_TARGET = 17.4;
				LOCALIZATION_PREFERS_STRING_CATALOGS = YES;
				MTL_ENABLE_DEBUG_INFO = INCLUDE_SOURCE;
				MTL_FAST_MATH = YES;
				ONLY_ACTIVE_ARCH = YES;
				SDKROOT = iphoneos;
				SWIFT_ACTIVE_COMPILATION_CONDITIONS = "DEBUG $(inherited)";
				SWIFT_OPTIMIZATION_LEVEL = "-Onone";
			};
			name = Debug;
		};
		106ACFCD2BABFCA6002B9A68 /* Release */ = {
			isa = XCBuildConfiguration;
			buildSettings = {
				ALWAYS_SEARCH_USER_PATHS = NO;
				ASSETCATALOG_COMPILER_GENERATE_SWIFT_ASSET_SYMBOL_EXTENSIONS = YES;
				CLANG_ANALYZER_NONNULL = YES;
				CLANG_ANALYZER_NUMBER_OBJECT_CONVERSION = YES_AGGRESSIVE;
				CLANG_CXX_LANGUAGE_STANDARD = "gnu++20";
				CLANG_ENABLE_MODULES = YES;
				CLANG_ENABLE_OBJC_ARC = YES;
				CLANG_ENABLE_OBJC_WEAK = YES;
				CLANG_WARN_BLOCK_CAPTURE_AUTORELEASING = YES;
				CLANG_WARN_BOOL_CONVERSION = YES;
				CLANG_WARN_COMMA = YES;
				CLANG_WARN_CONSTANT_CONVERSION = YES;
				CLANG_WARN_DEPRECATED_OBJC_IMPLEMENTATIONS = YES;
				CLANG_WARN_DIRECT_OBJC_ISA_USAGE = YES_ERROR;
				CLANG_WARN_DOCUMENTATION_COMMENTS = YES;
				CLANG_WARN_EMPTY_BODY = YES;
				CLANG_WARN_ENUM_CONVERSION = YES;
				CLANG_WARN_INFINITE_RECURSION = YES;
				CLANG_WARN_INT_CONVERSION = YES;
				CLANG_WARN_NON_LITERAL_NULL_CONVERSION = YES;
				CLANG_WARN_OBJC_IMPLICIT_RETAIN_SELF = YES;
				CLANG_WARN_OBJC_LITERAL_CONVERSION = YES;
				CLANG_WARN_OBJC_ROOT_CLASS = YES_ERROR;
				CLANG_WARN_QUOTED_INCLUDE_IN_FRAMEWORK_HEADER = YES;
				CLANG_WARN_RANGE_LOOP_ANALYSIS = YES;
				CLANG_WARN_STRICT_PROTOTYPES = YES;
				CLANG_WARN_SUSPICIOUS_MOVE = YES;
				CLANG_WARN_UNGUARDED_AVAILABILITY = YES_AGGRESSIVE;
				CLANG_WARN_UNREACHABLE_CODE = YES;
				CLANG_WARN__DUPLICATE_METHOD_MATCH = YES;
				COPY_PHASE_STRIP = NO;
				DEBUG_INFORMATION_FORMAT = "dwarf-with-dsym";
				ENABLE_NS_ASSERTIONS = NO;
				ENABLE_STRICT_OBJC_MSGSEND = YES;
				ENABLE_USER_SCRIPT_SANDBOXING = YES;
				GCC_C_LANGUAGE_STANDARD = gnu17;
				GCC_NO_COMMON_BLOCKS = YES;
				GCC_WARN_64_TO_32_BIT_CONVERSION = YES;
				GCC_WARN_ABOUT_RETURN_TYPE = YES_ERROR;
				GCC_WARN_UNDECLARED_SELECTOR = YES;
				GCC_WARN_UNINITIALIZED_AUTOS = YES_AGGRESSIVE;
				GCC_WARN_UNUSED_FUNCTION = YES;
				GCC_WARN_UNUSED_VARIABLE = YES;
				IPHONEOS_DEPLOYMENT_TARGET = 17.4;
				LOCALIZATION_PREFERS_STRING_CATALOGS = YES;
				MTL_ENABLE_DEBUG_INFO = NO;
				MTL_FAST_MATH = YES;
				SDKROOT = iphoneos;
				SWIFT_COMPILATION_MODE = wholemodule;
				VALIDATE_PRODUCT = YES;
			};
			name = Release;
		};
		106ACFCF2BABFCA6002B9A68 /* Debug */ = {
			isa = XCBuildConfiguration;
			buildSettings = {
				ASSETCATALOG_COMPILER_APPICON_NAME = AppIcon;
				ASSETCATALOG_COMPILER_GLOBAL_ACCENT_COLOR_NAME = AccentColor;
				CODE_SIGN_STYLE = Automatic;
				CURRENT_PROJECT_VERSION = 1;
				DEVELOPMENT_ASSET_PATHS = "\"Hamster_Check-In/Preview Content\"";
				DEVELOPMENT_TEAM = QDYQ8L442Y;
				ENABLE_PREVIEWS = YES;
				GENERATE_INFOPLIST_FILE = YES;
				INFOPLIST_KEY_UIApplicationSceneManifest_Generation = YES;
				INFOPLIST_KEY_UIApplicationSupportsIndirectInputEvents = YES;
				INFOPLIST_KEY_UILaunchScreen_Generation = YES;
				INFOPLIST_KEY_UISupportedInterfaceOrientations_iPad = "UIInterfaceOrientationPortrait UIInterfaceOrientationPortraitUpsideDown UIInterfaceOrientationLandscapeLeft UIInterfaceOrientationLandscapeRight";
				INFOPLIST_KEY_UISupportedInterfaceOrientations_iPhone = "UIInterfaceOrientationPortrait UIInterfaceOrientationLandscapeLeft UIInterfaceOrientationLandscapeRight";
				LD_RUNPATH_SEARCH_PATHS = (
					"$(inherited)",
					"@executable_path/Frameworks",
				);
				MARKETING_VERSION = 1.0;
				PRODUCT_BUNDLE_IDENTIFIER = "WolfTech.Hamster-Check-In";
				PRODUCT_NAME = "$(TARGET_NAME)";
				SWIFT_EMIT_LOC_STRINGS = YES;
				SWIFT_VERSION = 5.0;
				TARGETED_DEVICE_FAMILY = "1,2";
			};
			name = Debug;
		};
		106ACFD02BABFCA6002B9A68 /* Release */ = {
			isa = XCBuildConfiguration;
			buildSettings = {
				ASSETCATALOG_COMPILER_APPICON_NAME = AppIcon;
				ASSETCATALOG_COMPILER_GLOBAL_ACCENT_COLOR_NAME = AccentColor;
				CODE_SIGN_STYLE = Automatic;
				CURRENT_PROJECT_VERSION = 1;
				DEVELOPMENT_ASSET_PATHS = "\"Hamster_Check-In/Preview Content\"";
				DEVELOPMENT_TEAM = QDYQ8L442Y;
				ENABLE_PREVIEWS = YES;
				GENERATE_INFOPLIST_FILE = YES;
				INFOPLIST_KEY_UIApplicationSceneManifest_Generation = YES;
				INFOPLIST_KEY_UIApplicationSupportsIndirectInputEvents = YES;
				INFOPLIST_KEY_UILaunchScreen_Generation = YES;
				INFOPLIST_KEY_UISupportedInterfaceOrientations_iPad = "UIInterfaceOrientationPortrait UIInterfaceOrientationPortraitUpsideDown UIInterfaceOrientationLandscapeLeft UIInterfaceOrientationLandscapeRight";
				INFOPLIST_KEY_UISupportedInterfaceOrientations_iPhone = "UIInterfaceOrientationPortrait UIInterfaceOrientationLandscapeLeft UIInterfaceOrientationLandscapeRight";
				LD_RUNPATH_SEARCH_PATHS = (
					"$(inherited)",
					"@executable_path/Frameworks",
				);
				MARKETING_VERSION = 1.0;
				PRODUCT_BUNDLE_IDENTIFIER = "WolfTech.Hamster-Check-In";
				PRODUCT_NAME = "$(TARGET_NAME)";
				SWIFT_EMIT_LOC_STRINGS = YES;
				SWIFT_VERSION = 5.0;
				TARGETED_DEVICE_FAMILY = "1,2";
			};
			name = Release;
		};
		106ACFD22BABFCA6002B9A68 /* Debug */ = {
			isa = XCBuildConfiguration;
			buildSettings = {
				ALWAYS_EMBED_SWIFT_STANDARD_LIBRARIES = YES;
				BUNDLE_LOADER = "$(TEST_HOST)";
				CODE_SIGN_STYLE = Automatic;
				CURRENT_PROJECT_VERSION = 1;
				DEVELOPMENT_TEAM = QDYQ8L442Y;
				GENERATE_INFOPLIST_FILE = YES;
				IPHONEOS_DEPLOYMENT_TARGET = 17.4;
				MARKETING_VERSION = 1.0;
				PRODUCT_BUNDLE_IDENTIFIER = "WolfTech.Hamster-Check-InTests";
				PRODUCT_NAME = "$(TARGET_NAME)";
				SWIFT_EMIT_LOC_STRINGS = NO;
				SWIFT_VERSION = 5.0;
				TARGETED_DEVICE_FAMILY = "1,2";
				TEST_HOST = "$(BUILT_PRODUCTS_DIR)/Hamster_Check-In.app/$(BUNDLE_EXECUTABLE_FOLDER_PATH)/Hamster_Check-In";
			};
			name = Debug;
		};
		106ACFD32BABFCA6002B9A68 /* Release */ = {
			isa = XCBuildConfiguration;
			buildSettings = {
				ALWAYS_EMBED_SWIFT_STANDARD_LIBRARIES = YES;
				BUNDLE_LOADER = "$(TEST_HOST)";
				CODE_SIGN_STYLE = Automatic;
				CURRENT_PROJECT_VERSION = 1;
				DEVELOPMENT_TEAM = QDYQ8L442Y;
				GENERATE_INFOPLIST_FILE = YES;
				IPHONEOS_DEPLOYMENT_TARGET = 17.4;
				MARKETING_VERSION = 1.0;
				PRODUCT_BUNDLE_IDENTIFIER = "WolfTech.Hamster-Check-InTests";
				PRODUCT_NAME = "$(TARGET_NAME)";
				SWIFT_EMIT_LOC_STRINGS = NO;
				SWIFT_VERSION = 5.0;
				TARGETED_DEVICE_FAMILY = "1,2";
				TEST_HOST = "$(BUILT_PRODUCTS_DIR)/Hamster_Check-In.app/$(BUNDLE_EXECUTABLE_FOLDER_PATH)/Hamster_Check-In";
			};
			name = Release;
		};
		106ACFD52BABFCA6002B9A68 /* Debug */ = {
			isa = XCBuildConfiguration;
			buildSettings = {
				ALWAYS_EMBED_SWIFT_STANDARD_LIBRARIES = YES;
				CODE_SIGN_STYLE = Automatic;
				CURRENT_PROJECT_VERSION = 1;
				DEVELOPMENT_TEAM = QDYQ8L442Y;
				GENERATE_INFOPLIST_FILE = YES;
				MARKETING_VERSION = 1.0;
				PRODUCT_BUNDLE_IDENTIFIER = "WolfTech.Hamster-Check-InUITests";
				PRODUCT_NAME = "$(TARGET_NAME)";
				SWIFT_EMIT_LOC_STRINGS = NO;
				SWIFT_VERSION = 5.0;
				TARGETED_DEVICE_FAMILY = "1,2";
				TEST_TARGET_NAME = "Hamster_Check-In";
			};
			name = Debug;
		};
		106ACFD62BABFCA6002B9A68 /* Release */ = {
			isa = XCBuildConfiguration;
			buildSettings = {
				ALWAYS_EMBED_SWIFT_STANDARD_LIBRARIES = YES;
				CODE_SIGN_STYLE = Automatic;
				CURRENT_PROJECT_VERSION = 1;
				DEVELOPMENT_TEAM = QDYQ8L442Y;
				GENERATE_INFOPLIST_FILE = YES;
				MARKETING_VERSION = 1.0;
				PRODUCT_BUNDLE_IDENTIFIER = "WolfTech.Hamster-Check-InUITests";
				PRODUCT_NAME = "$(TARGET_NAME)";
				SWIFT_EMIT_LOC_STRINGS = NO;
				SWIFT_VERSION = 5.0;
				TARGETED_DEVICE_FAMILY = "1,2";
				TEST_TARGET_NAME = "Hamster_Check-In";
			};
			name = Release;
		};
/* End XCBuildConfiguration section */

/* Begin XCConfigurationList section */
		106ACFA32BABFCA2002B9A68 /* Build configuration list for PBXProject "Hamster_Check-In" */ = {
			isa = XCConfigurationList;
			buildConfigurations = (
				106ACFCC2BABFCA6002B9A68 /* Debug */,
				106ACFCD2BABFCA6002B9A68 /* Release */,
			);
			defaultConfigurationIsVisible = 0;
			defaultConfigurationName = Release;
		};
		106ACFCE2BABFCA6002B9A68 /* Build configuration list for PBXNativeTarget "Hamster_Check-In" */ = {
			isa = XCConfigurationList;
			buildConfigurations = (
				106ACFCF2BABFCA6002B9A68 /* Debug */,
				106ACFD02BABFCA6002B9A68 /* Release */,
			);
			defaultConfigurationIsVisible = 0;
			defaultConfigurationName = Release;
		};
		106ACFD12BABFCA6002B9A68 /* Build configuration list for PBXNativeTarget "Hamster_Check-InTests" */ = {
			isa = XCConfigurationList;
			buildConfigurations = (
				106ACFD22BABFCA6002B9A68 /* Debug */,
				106ACFD32BABFCA6002B9A68 /* Release */,
			);
			defaultConfigurationIsVisible = 0;
			defaultConfigurationName = Release;
		};
		106ACFD42BABFCA6002B9A68 /* Build configuration list for PBXNativeTarget "Hamster_Check-InUITests" */ = {
			isa = XCConfigurationList;
			buildConfigurations = (
				106ACFD52BABFCA6002B9A68 /* Debug */,
				106ACFD62BABFCA6002B9A68 /* Release */,
			);
			defaultConfigurationIsVisible = 0;
			defaultConfigurationName = Release;
		};
/* End XCConfigurationList section */
	};
	rootObject = 106ACFA02BABFCA2002B9A68 /* Project object */;
}
